
Microsoft Visual Studio Solution File, Format Version 12.00
# Visual Studio Version 17
VisualStudioVersion = 17.11.35312.102
MinimumVisualStudioVersion = 10.0.40219.1
Project("{FAE04EC0-301F-11D3-BF4B-00C04F79EFBC}") = "githubproject", "githubproject.csproj", "{2BE11C80-934B-4C25-B1DF-905AF6A48641}"
EndProject
Global
	GlobalSection(SolutionConfigurationPlatforms) = preSolution
		Debug|Any CPU = Debug|Any CPU
		Release|Any CPU = Release|Any CPU
	EndGlobalSection
	GlobalSection(ProjectConfigurationPlatforms) = postSolution
		{2BE11C80-934B-4C25-B1DF-905AF6A48641}.Debug|Any CPU.ActiveCfg = Debug|Any CPU
		{2BE11C80-934B-4C25-B1DF-905AF6A48641}.Debug|Any CPU.Build.0 = Debug|Any CPU
		{2BE11C80-934B-4C25-B1DF-905AF6A48641}.Release|Any CPU.ActiveCfg = Release|Any CPU
		{2BE11C80-934B-4C25-B1DF-905AF6A48641}.Release|Any CPU.Build.0 = Release|Any CPU
	EndGlobalSection
	GlobalSection(SolutionProperties) = preSolution
		HideSolutionNode = FALSE
	EndGlobalSection
	GlobalSection(ExtensibilityGlobals) = postSolution
		SolutionGuid = {B2D8C366-59C1-4C37-9865-84CB809BF989}
	EndGlobalSection
EndGlobal
